
Microsoft Visual Studio Solution File, Format Version 12.00
# Visual Studio Version 17
VisualStudioVersion = 17.4.33110.190
MinimumVisualStudioVersion = 10.0.40219.1
Project("{FAE04EC0-301F-11D3-BF4B-00C04F79EFBC}") = "CyklSUS_class", "CyklSUS_class\CyklSUS_class.csproj", "{9BBFF7EC-7034-45CE-8D47-C508AD5D1FE5}"
EndProject
Global
	GlobalSection(SolutionConfigurationPlatforms) = preSolution
		Debug|Any CPU = Debug|Any CPU
		Release|Any CPU = Release|Any CPU
	EndGlobalSection
	GlobalSection(ProjectConfigurationPlatforms) = postSolution
		{9BBFF7EC-7034-45CE-8D47-C508AD5D1FE5}.Debug|Any CPU.ActiveCfg = Debug|Any CPU
		{9BBFF7EC-7034-45CE-8D47-C508AD5D1FE5}.Debug|Any CPU.Build.0 = Debug|Any CPU
		{9BBFF7EC-7034-45CE-8D47-C508AD5D1FE5}.Release|Any CPU.ActiveCfg = Release|Any CPU
		{9BBFF7EC-7034-45CE-8D47-C508AD5D1FE5}.Release|Any CPU.Build.0 = Release|Any CPU
	EndGlobalSection
	GlobalSection(SolutionProperties) = preSolution
		HideSolutionNode = FALSE
	EndGlobalSection
	GlobalSection(ExtensibilityGlobals) = postSolution
		SolutionGuid = {D1C3B6B4-351F-4090-90A3-71B8C825F421}
	EndGlobalSection
EndGlobal
